<?xml version="1.0" encoding="utf-8"?>
<Project ToolsVersion="4.0" xmlns="http://schemas.microsoft.com/developer/msbuild/2003">
  <ItemGroup>
    <Filter Include="Source files">
      <UniqueIdentifier>{f03bbcba-2431-4b40-9cea-9ef8484f5dbc}</UniqueIdentifier>
    </Filter>
  </ItemGroup>
  <ItemGroup>
    <None Include="wsnetpack.def" />
  </ItemGroup>
  <ItemGroup>
    <ClInclude Include="base64.h">
      <Filter>Source files</Filter>
    </ClInclude>
    <ClInclude Include="intLib.h">
      <Filter>Source files</Filter>
    </ClInclude>
    <ClInclude Include="sha1.h">
      <Filter>Source files</Filter>
    </ClInclude>
  </ItemGroup>
  <ItemGroup>
    <ClCompile Include="lua-wsnetpack.c">
      <Filter>Source files</Filter>
    </ClCompile>
  </ItemGroup>
</Project>